<?xml version="1.0" encoding="utf-8"?>
<Project ToolsVersion="4.0" xmlns="http://schemas.microsoft.com/developer/msbuild/2003">
  <ItemGroup>
    <Filter Include="源文件">
      <UniqueIdentifier>{4FC737F1-C7A5-4376-A066-2A32D752A2FF}</UniqueIdentifier>
      <Extensions>cpp;c;cc;cxx;def;odl;idl;hpj;bat;asm;asmx</Extensions>
    </Filter>
    <Filter Include="头文件">
      <UniqueIdentifier>{93995380-89BD-4b04-88EB-625FBE52EBFB}</UniqueIdentifier>
      <Extensions>h;hh;hpp;hxx;hm;inl;inc;xsd</Extensions>
    </Filter>
    <Filter Include="资源文件">
      <UniqueIdentifier>{67DA6AB6-F800-4c08-8B7A-83BB121AAD01}</UniqueIdentifier>
      <Extensions>rc;ico;cur;bmp;dlg;rc2;rct;bin;rgs;gif;jpg;jpeg;jpe;resx;tiff;tif;png;wav;mfcribbon-ms</Extensions>
    </Filter>
    <Filter Include="OpenGL">
      <UniqueIdentifier>{ba5e77e8-c418-4dcc-9758-81f76d2f9ad3}</UniqueIdentifier>
    </Filter>
    <Filter Include="classes">
      <UniqueIdentifier>{99193b6b-b905-42fd-a772-48cd5ea9ceab}</UniqueIdentifier>
    </Filter>
    <Filter Include="classes\Public">
      <UniqueIdentifier>{32a81edf-7c0a-4638-946b-87060bfabdc8}</UniqueIdentifier>
    </Filter>
  </ItemGroup>
  <ItemGroup>
    <ClCompile Include="main.cpp">
      <Filter>源文件</Filter>
    </ClCompile>
    <ClCompile Include="LoadShaders.cpp">
      <Filter>OpenGL</Filter>
    </ClCompile>
    <ClCompile Include="LearnOpenGLBase.cpp">
      <Filter>头文件</Filter>
    </ClCompile>
    <ClCompile Include="DrawIcosahedron.cpp">
      <Filter>classes</Filter>
    </ClCompile>
    <ClCompile Include="DrawIcosahedronWithVertexArray.cpp">
      <Filter>classes</Filter>
    </ClCompile>
    <ClCompile Include="PrimrestartTest.cpp">
      <Filter>classes</Filter>
    </ClCompile>
    <ClCompile Include="DrawSunAndPlanet.cpp">
      <Filter>classes</Filter>
    </ClCompile>
    <ClCompile Include="BuffersTest.cpp">
      <Filter>classes</Filter>
    </ClCompile>
    <ClCompile Include="VAO2_81.cpp">
      <Filter>classes</Filter>
    </ClCompile>
    <ClCompile Include="DrawIcosahedronEx.cpp">
      <Filter>classes</Filter>
    </ClCompile>
    <ClCompile Include="DrawCircle.cpp">
      <Filter>classes</Filter>
    </ClCompile>
    <ClCompile Include="DrawCilp3_5.cpp">
      <Filter>classes</Filter>
    </ClCompile>
    <ClCompile Include="DrawChangeGroup.cpp">
      <Filter>classes</Filter>
    </ClCompile>
    <ClCompile Include="UnprojectTest.cpp">
      <Filter>classes</Filter>
    </ClCompile>
    <ClCompile Include="SmoothModeTest.cpp">
      <Filter>classes</Filter>
    </ClCompile>
    <ClCompile Include="Light5_1.cpp">
      <Filter>classes</Filter>
    </ClCompile>
    <ClCompile Include="Light5_7.cpp">
      <Filter>classes</Filter>
    </ClCompile>
    <ClCompile Include="LightModelTest.cpp">
      <Filter>classes</Filter>
    </ClCompile>
    <ClCompile Include="Blendeqn6_1.cpp">
      <Filter>classes</Filter>
    </ClCompile>
    <ClCompile Include="BlendAlpha3D6_3.cpp">
      <Filter>classes</Filter>
    </ClCompile>
    <ClCompile Include="Aargb6_4.cpp">
      <Filter>classes</Filter>
    </ClCompile>
    <ClCompile Include="Aaindex6_5.cpp">
      <Filter>classes</Filter>
    </ClCompile>
    <ClCompile Include="Multisamp6_6.cpp">
      <Filter>classes</Filter>
    </ClCompile>
    <ClCompile Include="AargbPolygon.cpp">
      <Filter>classes</Filter>
    </ClCompile>
    <ClCompile Include="Fog6_7.cpp">
      <Filter>classes</Filter>
    </ClCompile>
    <ClCompile Include="FogCoord6_9.cpp">
      <Filter>classes</Filter>
    </ClCompile>
    <ClCompile Include="PointP6_10.cpp">
      <Filter>classes</Filter>
    </ClCompile>
    <ClCompile Include="PolyOff6_11.cpp">
      <Filter>classes</Filter>
    </ClCompile>
    <ClCompile Include="DisplayList7_1.cpp">
      <Filter>classes</Filter>
    </ClCompile>
    <ClCompile Include="DrawF8_1.cpp">
      <Filter>classes</Filter>
    </ClCompile>
    <ClCompile Include="HierarchicalDisplayList7_3.cpp">
      <Filter>classes</Filter>
    </ClCompile>
    <ClCompile Include="DisplayList7_9.cpp">
      <Filter>classes</Filter>
    </ClCompile>
    <ClCompile Include="DrawFont8_2.cpp">
      <Filter>classes</Filter>
    </ClCompile>
    <ClCompile Include="DrawPixels8_3.cpp">
      <Filter>classes</Filter>
    </ClCompile>
    <ClCompile Include="DrawPixels8_4.cpp">
      <Filter>classes</Filter>
    </ClCompile>
    <ClCompile Include="DrawChecker9_1.cpp">
      <Filter>classes</Filter>
    </ClCompile>
    <ClCompile Include="PublicFunctions.cpp">
      <Filter>classes\Public</Filter>
    </ClCompile>
    <ClCompile Include="Texture_MagicCube.cpp">
      <Filter>classes</Filter>
    </ClCompile>
  </ItemGroup>
  <ItemGroup>
    <CustomBuild Include="triangles.frag">
      <Filter>资源文件</Filter>
    </CustomBuild>
    <CustomBuild Include="triangles.vert">
      <Filter>资源文件</Filter>
    </CustomBuild>
  </ItemGroup>
  <ItemGroup>
    <ClInclude Include="DrawPolygon.h">
      <Filter>OpenGL</Filter>
    </ClInclude>
    <ClInclude Include="DrawPolygonStipple.h">
      <Filter>OpenGL</Filter>
    </ClInclude>
    <ClInclude Include="DrawPolygonWithEdgeFlag.h">
      <Filter>OpenGL</Filter>
    </ClInclude>
    <ClInclude Include="DrawVertex.h">
      <Filter>OpenGL</Filter>
    </ClInclude>
    <ClInclude Include="LoadShaders.h">
      <Filter>OpenGL</Filter>
    </ClInclude>
    <ClInclude Include="MatrixTest.h">
      <Filter>OpenGL</Filter>
    </ClInclude>
    <ClInclude Include="RunWithAnimation.h">
      <Filter>OpenGL</Filter>
    </ClInclude>
    <ClInclude Include="StatusManage.h">
      <Filter>OpenGL</Filter>
    </ClInclude>
    <ClInclude Include="DrawLine.h">
      <Filter>OpenGL</Filter>
    </ClInclude>
    <ClInclude Include="DrawPoint.h">
      <Filter>OpenGL</Filter>
    </ClInclude>
    <ClInclude Include="TestHeads.h">
      <Filter>头文件</Filter>
    </ClInclude>
    <ClInclude Include="stdafx.h">
      <Filter>头文件</Filter>
    </ClInclude>
    <ClInclude Include="Color3DObject.h">
      <Filter>OpenGL</Filter>
    </ClInclude>
    <ClInclude Include="VertexArrayTest.h">
      <Filter>OpenGL</Filter>
    </ClInclude>
    <ClInclude Include="macors.h">
      <Filter>头文件</Filter>
    </ClInclude>
    <ClInclude Include="LearnOpenGLBase.h">
      <Filter>头文件</Filter>
    </ClInclude>
    <ClInclude Include="DrawIcosahedron.h">
      <Filter>classes</Filter>
    </ClInclude>
    <ClInclude Include="DrawIcosahedronWithVertexArray.h">
      <Filter>classes</Filter>
    </ClInclude>
    <ClInclude Include="Example.h">
      <Filter>OpenGL</Filter>
    </ClInclude>
    <ClInclude Include="PrimrestartTest.h">
      <Filter>classes</Filter>
    </ClInclude>
    <ClInclude Include="DrawSunAndPlanet.h">
      <Filter>classes</Filter>
    </ClInclude>
    <ClInclude Include="BuffersTest.h">
      <Filter>classes</Filter>
    </ClInclude>
    <ClInclude Include="VAO2_81.h">
      <Filter>classes</Filter>
    </ClInclude>
    <ClInclude Include="DrawIcosahedronEx.h">
      <Filter>classes</Filter>
    </ClInclude>
    <ClInclude Include="DrawCircle.h">
      <Filter>classes</Filter>
    </ClInclude>
    <ClInclude Include="DrawCilp3_5.h">
      <Filter>classes</Filter>
    </ClInclude>
    <ClInclude Include="DrawChangeGroup.h">
      <Filter>classes</Filter>
    </ClInclude>
    <ClInclude Include="UnprojectTest.h">
      <Filter>classes</Filter>
    </ClInclude>
    <ClInclude Include="SmoothModeTest.h">
      <Filter>classes</Filter>
    </ClInclude>
    <ClInclude Include="Light5_1.h">
      <Filter>classes</Filter>
    </ClInclude>
    <ClInclude Include="Light5_7.h">
      <Filter>classes</Filter>
    </ClInclude>
    <ClInclude Include="LightModelTest.h">
      <Filter>classes</Filter>
    </ClInclude>
    <ClInclude Include="Blendeqn6_1.h">
      <Filter>classes</Filter>
    </ClInclude>
    <ClInclude Include="BlendAlpha3D6_3.h">
      <Filter>classes</Filter>
    </ClInclude>
    <ClInclude Include="Aargb6_4.h">
      <Filter>classes</Filter>
    </ClInclude>
    <ClInclude Include="Aaindex6_5.h">
      <Filter>classes</Filter>
    </ClInclude>
    <ClInclude Include="Multisamp6_6.h">
      <Filter>classes</Filter>
    </ClInclude>
    <ClInclude Include="AargbPolygon.h">
      <Filter>classes</Filter>
    </ClInclude>
    <ClInclude Include="Fog6_7.h">
      <Filter>classes</Filter>
    </ClInclude>
    <ClInclude Include="FogCoord6_9.h">
      <Filter>classes</Filter>
    </ClInclude>
    <ClInclude Include="PointP6_10.h">
      <Filter>classes</Filter>
    </ClInclude>
    <ClInclude Include="PolyOff6_11.h">
      <Filter>classes</Filter>
    </ClInclude>
    <ClInclude Include="DisplayList7_1.h">
      <Filter>classes</Filter>
    </ClInclude>
    <ClInclude Include="DrawF8_1.h">
      <Filter>classes</Filter>
    </ClInclude>
    <ClInclude Include="HierarchicalDisplayList7_3.h">
      <Filter>classes</Filter>
    </ClInclude>
    <ClInclude Include="DisplayList7_9.h">
      <Filter>classes</Filter>
    </ClInclude>
    <ClInclude Include="DrawFont8_2.h">
      <Filter>classes</Filter>
    </ClInclude>
    <ClInclude Include="DrawPixels8_3.h">
      <Filter>classes</Filter>
    </ClInclude>
    <ClInclude Include="DrawPixels8_4.h">
      <Filter>classes</Filter>
    </ClInclude>
    <ClInclude Include="PixelOper_SingleBuffer.h">
      <Filter>OpenGL</Filter>
    </ClInclude>
    <ClInclude Include="DrawChecker9_1.h">
      <Filter>classes</Filter>
    </ClInclude>
    <ClInclude Include="PublicFunctions.h">
      <Filter>classes\Public</Filter>
    </ClInclude>
    <ClInclude Include="Texture_MagicCube.h">
      <Filter>classes</Filter>
    </ClInclude>
    <ClInclude Include="Teapot.h">
      <Filter>classes</Filter>
    </ClInclude>
  </ItemGroup>
</Project>